
Microsoft Visual Studio Solution File, Format Version 12.00
# Visual Studio Version 16
VisualStudioVersion = 16.0.31911.196
MinimumVisualStudioVersion = 10.0.40219.1
Project("{FAE04EC0-301F-11D3-BF4B-00C04F79EFBC}") = "ApiBiblioteca", "ApiBiblioteca\ApiBiblioteca.csproj", "{680461E7-A61D-474F-9F80-97119159F5A7}"
EndProject
Global
	GlobalSection(SolutionConfigurationPlatforms) = preSolution
		Debug|Any CPU = Debug|Any CPU
		Release|Any CPU = Release|Any CPU
	EndGlobalSection
	GlobalSection(ProjectConfigurationPlatforms) = postSolution
		{680461E7-A61D-474F-9F80-97119159F5A7}.Debug|Any CPU.ActiveCfg = Debug|Any CPU
		{680461E7-A61D-474F-9F80-97119159F5A7}.Debug|Any CPU.Build.0 = Debug|Any CPU
		{680461E7-A61D-474F-9F80-97119159F5A7}.Release|Any CPU.ActiveCfg = Release|Any CPU
		{680461E7-A61D-474F-9F80-97119159F5A7}.Release|Any CPU.Build.0 = Release|Any CPU
	EndGlobalSection
	GlobalSection(SolutionProperties) = preSolution
		HideSolutionNode = FALSE
	EndGlobalSection
	GlobalSection(ExtensibilityGlobals) = postSolution
		SolutionGuid = {9910EB26-159D-4EFD-A446-8E8E333152B4}
	EndGlobalSection
EndGlobal
